lockfileVersion: '9.0'

settings:
  autoInstallPeers: true
  excludeLinksFromLockfile: false

importers:

  .:
    dependencies:
      pnpm:
        specifier: ^9.11.0
        version: 9.12.1

packages:

  pnpm@9.12.1:
    resolution: {integrity: sha512-5aflKkGDoC1ZMQV/eg2/+dXpzjFh4z+miuOSElt5KCqKikcKUd/IoO2GIhRC6y+1cBmwmQ7ST6tRm/DhvFzPxA==}
    engines: {node: '>=18.12'}
    hasBin: true

snapshots:

  pnpm@9.12.1: {}
